
Microsoft Visual Studio Solution File, Format Version 12.00
# Visual Studio Version 17
VisualStudioVersion = 17.8.34309.116
MinimumVisualStudioVersion = 10.0.40219.1
Project("{2150E333-8FDC-42A3-9474-1A3956D46DE8}") = "L1T1", "L1T1", "{F28C156C-3F86-405F-A8C4-806EE79CC0FC}"
EndProject
Project("{2150E333-8FDC-42A3-9474-1A3956D46DE8}") = "L1T2", "L1T2", "{BC113AD2-9068-4201-B5CD-D40DE4A90452}"
EndProject
Project("{9A19103F-16F7-4668-BE54-9A1E7A4F7556}") = "Lib", "..\Lib\Lib.csproj", "{F4B43177-FB18-439F-8CA3-F7EED274CDAD}"
EndProject
Project("{9A19103F-16F7-4668-BE54-9A1E7A4F7556}") = "Consumer", "..\Consumer\Consumer.csproj", "{DDEFC295-31B8-42A3-AA9C-D9E75E238DD2}"
EndProject
Project("{9A19103F-16F7-4668-BE54-9A1E7A4F7556}") = "Producer", "..\Producer\Producer.csproj", "{002FE491-F479-406D-A23D-DA0AD601B280}"
EndProject
Project("{2150E333-8FDC-42A3-9474-1A3956D46DE8}") = "Docker", "Docker", "{B5C43374-2BB9-4A60-845A-04249DF5053C}"
	ProjectSection(SolutionItems) = preProject
		docker-compose-l1.yml = docker-compose-l1.yml
		docker-compose-l2.yml = docker-compose-l2.yml
	EndProjectSection
EndProject
Project("{9A19103F-16F7-4668-BE54-9A1E7A4F7556}") = "L1T1.Test", "..\L1T1.Test\L1T1.Test.csproj", "{0CD80A11-4853-45D4-9C60-3A139796C222}"
EndProject
Project("{9A19103F-16F7-4668-BE54-9A1E7A4F7556}") = "L1T2.WebApi", "L1T2.WebApi\L1T2.WebApi.csproj", "{3A7570AF-BA2E-4900-B292-80FC3BB2E6C1}"
EndProject
Project("{9A19103F-16F7-4668-BE54-9A1E7A4F7556}") = "L1T2.Consumer", "L1T2.Consumer\L1T2.Consumer.csproj", "{77CF60A2-87E5-43E3-BC9A-5C94A700A91B}"
EndProject
Project("{9A19103F-16F7-4668-BE54-9A1E7A4F7556}") = "L1T2.LoggerConsumer", "L1T2.LoggerConsumer\L1T2.LoggerConsumer.csproj", "{E3C664B0-A625-4BF0-BBBD-C18988BA84C3}"
EndProject
Project("{2150E333-8FDC-42A3-9474-1A3956D46DE8}") = "L2T1", "L2T1", "{C39FA3F9-F446-471E-8E15-D0C1CC14D200}"
EndProject
Project("{2150E333-8FDC-42A3-9474-1A3956D46DE8}") = "L2T2", "L2T2", "{97E468B6-A6C0-40B3-993E-1F22D3293B64}"
EndProject
Project("{2150E333-8FDC-42A3-9474-1A3956D46DE8}") = "L2T3", "L2T3", "{D8E7FDCD-85A2-4019-B6BB-2C80BCFC7DD3}"
EndProject
Project("{2150E333-8FDC-42A3-9474-1A3956D46DE8}") = "L2T4", "L2T4", "{BEE968CC-9452-4087-B84E-01B880DE47A0}"
EndProject
Project("{9A19103F-16F7-4668-BE54-9A1E7A4F7556}") = "L2T1", "L2T1\L2T1.csproj", "{BC15789B-F1CE-4430-B26E-DF92E7AA02A7}"
EndProject
Project("{FAE04EC0-301F-11D3-BF4B-00C04F79EFBC}") = "L2T2", "L2T2\L2T2.csproj", "{F2FC1921-F832-43FD-B06E-F19A88871F91}"
EndProject
Project("{FAE04EC0-301F-11D3-BF4B-00C04F79EFBC}") = "L2T3", "L2T3\L2T3.csproj", "{8C1BDF4A-802B-4578-9DF1-2F7D1ED59844}"
EndProject
Project("{FAE04EC0-301F-11D3-BF4B-00C04F79EFBC}") = "L2T4", "L2T4\L2T4.csproj", "{48CE757E-D87D-4B2D-BD3E-47A644329281}"
EndProject
Project("{2150E333-8FDC-42A3-9474-1A3956D46DE8}") = "L2T5", "L2T5", "{A8B50E8F-E972-4751-829C-D44F6DF5BF18}"
EndProject
Project("{FAE04EC0-301F-11D3-BF4B-00C04F79EFBC}") = "L2T5.Tests", "L2T5.Tests\L2T5.Tests.csproj", "{3722406F-2258-46EB-8821-DD09CD7BE0CF}"
EndProject
Global
	GlobalSection(SolutionConfigurationPlatforms) = preSolution
		Debug|Any CPU = Debug|Any CPU
		Release|Any CPU = Release|Any CPU
	EndGlobalSection
	GlobalSection(ProjectConfigurationPlatforms) = postSolution
		{F4B43177-FB18-439F-8CA3-F7EED274CDAD}.Debug|Any CPU.ActiveCfg = Debug|Any CPU
		{F4B43177-FB18-439F-8CA3-F7EED274CDAD}.Debug|Any CPU.Build.0 = Debug|Any CPU
		{F4B43177-FB18-439F-8CA3-F7EED274CDAD}.Release|Any CPU.ActiveCfg = Release|Any CPU
		{F4B43177-FB18-439F-8CA3-F7EED274CDAD}.Release|Any CPU.Build.0 = Release|Any CPU
		{DDEFC295-31B8-42A3-AA9C-D9E75E238DD2}.Debug|Any CPU.ActiveCfg = Debug|Any CPU
		{DDEFC295-31B8-42A3-AA9C-D9E75E238DD2}.Debug|Any CPU.Build.0 = Debug|Any CPU
		{DDEFC295-31B8-42A3-AA9C-D9E75E238DD2}.Release|Any CPU.ActiveCfg = Release|Any CPU
		{DDEFC295-31B8-42A3-AA9C-D9E75E238DD2}.Release|Any CPU.Build.0 = Release|Any CPU
		{002FE491-F479-406D-A23D-DA0AD601B280}.Debug|Any CPU.ActiveCfg = Debug|Any CPU
		{002FE491-F479-406D-A23D-DA0AD601B280}.Debug|Any CPU.Build.0 = Debug|Any CPU
		{002FE491-F479-406D-A23D-DA0AD601B280}.Release|Any CPU.ActiveCfg = Release|Any CPU
		{002FE491-F479-406D-A23D-DA0AD601B280}.Release|Any CPU.Build.0 = Release|Any CPU
		{0CD80A11-4853-45D4-9C60-3A139796C222}.Debug|Any CPU.ActiveCfg = Debug|Any CPU
		{0CD80A11-4853-45D4-9C60-3A139796C222}.Debug|Any CPU.Build.0 = Debug|Any CPU
		{0CD80A11-4853-45D4-9C60-3A139796C222}.Release|Any CPU.ActiveCfg = Release|Any CPU
		{0CD80A11-4853-45D4-9C60-3A139796C222}.Release|Any CPU.Build.0 = Release|Any CPU
		{3A7570AF-BA2E-4900-B292-80FC3BB2E6C1}.Debug|Any CPU.ActiveCfg = Debug|Any CPU
		{3A7570AF-BA2E-4900-B292-80FC3BB2E6C1}.Debug|Any CPU.Build.0 = Debug|Any CPU
		{3A7570AF-BA2E-4900-B292-80FC3BB2E6C1}.Release|Any CPU.ActiveCfg = Release|Any CPU
		{3A7570AF-BA2E-4900-B292-80FC3BB2E6C1}.Release|Any CPU.Build.0 = Release|Any CPU
		{77CF60A2-87E5-43E3-BC9A-5C94A700A91B}.Debug|Any CPU.ActiveCfg = Debug|Any CPU
		{77CF60A2-87E5-43E3-BC9A-5C94A700A91B}.Debug|Any CPU.Build.0 = Debug|Any CPU
		{77CF60A2-87E5-43E3-BC9A-5C94A700A91B}.Release|Any CPU.ActiveCfg = Release|Any CPU
		{77CF60A2-87E5-43E3-BC9A-5C94A700A91B}.Release|Any CPU.Build.0 = Release|Any CPU
		{E3C664B0-A625-4BF0-BBBD-C18988BA84C3}.Debug|Any CPU.ActiveCfg = Debug|Any CPU
		{E3C664B0-A625-4BF0-BBBD-C18988BA84C3}.Debug|Any CPU.Build.0 = Debug|Any CPU
		{E3C664B0-A625-4BF0-BBBD-C18988BA84C3}.Release|Any CPU.ActiveCfg = Release|Any CPU
		{E3C664B0-A625-4BF0-BBBD-C18988BA84C3}.Release|Any CPU.Build.0 = Release|Any CPU
		{BC15789B-F1CE-4430-B26E-DF92E7AA02A7}.Debug|Any CPU.ActiveCfg = Debug|Any CPU
		{BC15789B-F1CE-4430-B26E-DF92E7AA02A7}.Debug|Any CPU.Build.0 = Debug|Any CPU
		{BC15789B-F1CE-4430-B26E-DF92E7AA02A7}.Release|Any CPU.ActiveCfg = Release|Any CPU
		{BC15789B-F1CE-4430-B26E-DF92E7AA02A7}.Release|Any CPU.Build.0 = Release|Any CPU
		{F2FC1921-F832-43FD-B06E-F19A88871F91}.Debug|Any CPU.ActiveCfg = Debug|Any CPU
		{F2FC1921-F832-43FD-B06E-F19A88871F91}.Debug|Any CPU.Build.0 = Debug|Any CPU
		{F2FC1921-F832-43FD-B06E-F19A88871F91}.Release|Any CPU.ActiveCfg = Release|Any CPU
		{F2FC1921-F832-43FD-B06E-F19A88871F91}.Release|Any CPU.Build.0 = Release|Any CPU
		{8C1BDF4A-802B-4578-9DF1-2F7D1ED59844}.Debug|Any CPU.ActiveCfg = Debug|Any CPU
		{8C1BDF4A-802B-4578-9DF1-2F7D1ED59844}.Debug|Any CPU.Build.0 = Debug|Any CPU
		{8C1BDF4A-802B-4578-9DF1-2F7D1ED59844}.Release|Any CPU.ActiveCfg = Release|Any CPU
		{8C1BDF4A-802B-4578-9DF1-2F7D1ED59844}.Release|Any CPU.Build.0 = Release|Any CPU
		{48CE757E-D87D-4B2D-BD3E-47A644329281}.Debug|Any CPU.ActiveCfg = Debug|Any CPU
		{48CE757E-D87D-4B2D-BD3E-47A644329281}.Debug|Any CPU.Build.0 = Debug|Any CPU
		{48CE757E-D87D-4B2D-BD3E-47A644329281}.Release|Any CPU.ActiveCfg = Release|Any CPU
		{48CE757E-D87D-4B2D-BD3E-47A644329281}.Release|Any CPU.Build.0 = Release|Any CPU
		{3722406F-2258-46EB-8821-DD09CD7BE0CF}.Debug|Any CPU.ActiveCfg = Debug|Any CPU
		{3722406F-2258-46EB-8821-DD09CD7BE0CF}.Debug|Any CPU.Build.0 = Debug|Any CPU
		{3722406F-2258-46EB-8821-DD09CD7BE0CF}.Release|Any CPU.ActiveCfg = Release|Any CPU
		{3722406F-2258-46EB-8821-DD09CD7BE0CF}.Release|Any CPU.Build.0 = Release|Any CPU
	EndGlobalSection
	GlobalSection(SolutionProperties) = preSolution
		HideSolutionNode = FALSE
	EndGlobalSection
	GlobalSection(NestedProjects) = preSolution
		{DDEFC295-31B8-42A3-AA9C-D9E75E238DD2} = {F28C156C-3F86-405F-A8C4-806EE79CC0FC}
		{002FE491-F479-406D-A23D-DA0AD601B280} = {F28C156C-3F86-405F-A8C4-806EE79CC0FC}
		{0CD80A11-4853-45D4-9C60-3A139796C222} = {F28C156C-3F86-405F-A8C4-806EE79CC0FC}
		{3A7570AF-BA2E-4900-B292-80FC3BB2E6C1} = {BC113AD2-9068-4201-B5CD-D40DE4A90452}
		{77CF60A2-87E5-43E3-BC9A-5C94A700A91B} = {BC113AD2-9068-4201-B5CD-D40DE4A90452}
		{E3C664B0-A625-4BF0-BBBD-C18988BA84C3} = {BC113AD2-9068-4201-B5CD-D40DE4A90452}
		{BC15789B-F1CE-4430-B26E-DF92E7AA02A7} = {C39FA3F9-F446-471E-8E15-D0C1CC14D200}
		{F2FC1921-F832-43FD-B06E-F19A88871F91} = {97E468B6-A6C0-40B3-993E-1F22D3293B64}
		{8C1BDF4A-802B-4578-9DF1-2F7D1ED59844} = {D8E7FDCD-85A2-4019-B6BB-2C80BCFC7DD3}
		{48CE757E-D87D-4B2D-BD3E-47A644329281} = {BEE968CC-9452-4087-B84E-01B880DE47A0}
		{3722406F-2258-46EB-8821-DD09CD7BE0CF} = {A8B50E8F-E972-4751-829C-D44F6DF5BF18}
	EndGlobalSection
	GlobalSection(ExtensibilityGlobals) = postSolution
		SolutionGuid = {8D6793B5-5ECF-4B43-8183-BAE7389246F9}
	EndGlobalSection
EndGlobal
