
Microsoft Visual Studio Solution File, Format Version 12.00
# Visual Studio Version 17
VisualStudioVersion = 17.8.34309.116
MinimumVisualStudioVersion = 10.0.40219.1
Project("{2150E333-8FDC-42A3-9474-1A3956D46DE8}") = "L1T1", "L1T1", "{F28C156C-3F86-405F-A8C4-806EE79CC0FC}"
EndProject
Project("{2150E333-8FDC-42A3-9474-1A3956D46DE8}") = "L1T2", "L1T2", "{BC113AD2-9068-4201-B5CD-D40DE4A90452}"
EndProject
Project("{9A19103F-16F7-4668-BE54-9A1E7A4F7556}") = "Lib", "..\Lib\Lib.csproj", "{F4B43177-FB18-439F-8CA3-F7EED274CDAD}"
EndProject
Project("{9A19103F-16F7-4668-BE54-9A1E7A4F7556}") = "Consumer", "..\Consumer\Consumer.csproj", "{DDEFC295-31B8-42A3-AA9C-D9E75E238DD2}"
EndProject
Project("{9A19103F-16F7-4668-BE54-9A1E7A4F7556}") = "Producer", "..\Producer\Producer.csproj", "{002FE491-F479-406D-A23D-DA0AD601B280}"
EndProject
Project("{2150E333-8FDC-42A3-9474-1A3956D46DE8}") = "Docker", "Docker", "{B5C43374-2BB9-4A60-845A-04249DF5053C}"
	ProjectSection(SolutionItems) = preProject
		docker-compose.yml = docker-compose.yml
	EndProjectSection
EndProject
Project("{9A19103F-16F7-4668-BE54-9A1E7A4F7556}") = "L1T1.Test", "..\L1T1.Test\L1T1.Test.csproj", "{0CD80A11-4853-45D4-9C60-3A139796C222}"
EndProject
Project("{FAE04EC0-301F-11D3-BF4B-00C04F79EFBC}") = "L1T2.WebApi", "L1T2.WebApi\L1T2.WebApi.csproj", "{3A7570AF-BA2E-4900-B292-80FC3BB2E6C1}"
EndProject
Project("{FAE04EC0-301F-11D3-BF4B-00C04F79EFBC}") = "L1T2.Consumer", "L1T2.Consumer\L1T2.Consumer.csproj", "{77CF60A2-87E5-43E3-BC9A-5C94A700A91B}"
EndProject
Project("{FAE04EC0-301F-11D3-BF4B-00C04F79EFBC}") = "L1T2.LoggerConsumer", "L1T2.LoggerConsumer\L1T2.LoggerConsumer.csproj", "{E3C664B0-A625-4BF0-BBBD-C18988BA84C3}"
EndProject
Global
	GlobalSection(SolutionConfigurationPlatforms) = preSolution
		Debug|Any CPU = Debug|Any CPU
		Release|Any CPU = Release|Any CPU
	EndGlobalSection
	GlobalSection(ProjectConfigurationPlatforms) = postSolution
		{F4B43177-FB18-439F-8CA3-F7EED274CDAD}.Debug|Any CPU.ActiveCfg = Debug|Any CPU
		{F4B43177-FB18-439F-8CA3-F7EED274CDAD}.Debug|Any CPU.Build.0 = Debug|Any CPU
		{F4B43177-FB18-439F-8CA3-F7EED274CDAD}.Release|Any CPU.ActiveCfg = Release|Any CPU
		{F4B43177-FB18-439F-8CA3-F7EED274CDAD}.Release|Any CPU.Build.0 = Release|Any CPU
		{DDEFC295-31B8-42A3-AA9C-D9E75E238DD2}.Debug|Any CPU.ActiveCfg = Debug|Any CPU
		{DDEFC295-31B8-42A3-AA9C-D9E75E238DD2}.Debug|Any CPU.Build.0 = Debug|Any CPU
		{DDEFC295-31B8-42A3-AA9C-D9E75E238DD2}.Release|Any CPU.ActiveCfg = Release|Any CPU
		{DDEFC295-31B8-42A3-AA9C-D9E75E238DD2}.Release|Any CPU.Build.0 = Release|Any CPU
		{002FE491-F479-406D-A23D-DA0AD601B280}.Debug|Any CPU.ActiveCfg = Debug|Any CPU
		{002FE491-F479-406D-A23D-DA0AD601B280}.Debug|Any CPU.Build.0 = Debug|Any CPU
		{002FE491-F479-406D-A23D-DA0AD601B280}.Release|Any CPU.ActiveCfg = Release|Any CPU
		{002FE491-F479-406D-A23D-DA0AD601B280}.Release|Any CPU.Build.0 = Release|Any CPU
		{0CD80A11-4853-45D4-9C60-3A139796C222}.Debug|Any CPU.ActiveCfg = Debug|Any CPU
		{0CD80A11-4853-45D4-9C60-3A139796C222}.Debug|Any CPU.Build.0 = Debug|Any CPU
		{0CD80A11-4853-45D4-9C60-3A139796C222}.Release|Any CPU.ActiveCfg = Release|Any CPU
		{0CD80A11-4853-45D4-9C60-3A139796C222}.Release|Any CPU.Build.0 = Release|Any CPU
		{3A7570AF-BA2E-4900-B292-80FC3BB2E6C1}.Debug|Any CPU.ActiveCfg = Debug|Any CPU
		{3A7570AF-BA2E-4900-B292-80FC3BB2E6C1}.Debug|Any CPU.Build.0 = Debug|Any CPU
		{3A7570AF-BA2E-4900-B292-80FC3BB2E6C1}.Release|Any CPU.ActiveCfg = Release|Any CPU
		{3A7570AF-BA2E-4900-B292-80FC3BB2E6C1}.Release|Any CPU.Build.0 = Release|Any CPU
		{77CF60A2-87E5-43E3-BC9A-5C94A700A91B}.Debug|Any CPU.ActiveCfg = Debug|Any CPU
		{77CF60A2-87E5-43E3-BC9A-5C94A700A91B}.Debug|Any CPU.Build.0 = Debug|Any CPU
		{77CF60A2-87E5-43E3-BC9A-5C94A700A91B}.Release|Any CPU.ActiveCfg = Release|Any CPU
		{77CF60A2-87E5-43E3-BC9A-5C94A700A91B}.Release|Any CPU.Build.0 = Release|Any CPU
		{E3C664B0-A625-4BF0-BBBD-C18988BA84C3}.Debug|Any CPU.ActiveCfg = Debug|Any CPU
		{E3C664B0-A625-4BF0-BBBD-C18988BA84C3}.Debug|Any CPU.Build.0 = Debug|Any CPU
		{E3C664B0-A625-4BF0-BBBD-C18988BA84C3}.Release|Any CPU.ActiveCfg = Release|Any CPU
		{E3C664B0-A625-4BF0-BBBD-C18988BA84C3}.Release|Any CPU.Build.0 = Release|Any CPU
	EndGlobalSection
	GlobalSection(SolutionProperties) = preSolution
		HideSolutionNode = FALSE
	EndGlobalSection
	GlobalSection(NestedProjects) = preSolution
		{DDEFC295-31B8-42A3-AA9C-D9E75E238DD2} = {F28C156C-3F86-405F-A8C4-806EE79CC0FC}
		{002FE491-F479-406D-A23D-DA0AD601B280} = {F28C156C-3F86-405F-A8C4-806EE79CC0FC}
		{0CD80A11-4853-45D4-9C60-3A139796C222} = {F28C156C-3F86-405F-A8C4-806EE79CC0FC}
		{3A7570AF-BA2E-4900-B292-80FC3BB2E6C1} = {BC113AD2-9068-4201-B5CD-D40DE4A90452}
		{77CF60A2-87E5-43E3-BC9A-5C94A700A91B} = {BC113AD2-9068-4201-B5CD-D40DE4A90452}
		{E3C664B0-A625-4BF0-BBBD-C18988BA84C3} = {BC113AD2-9068-4201-B5CD-D40DE4A90452}
	EndGlobalSection
	GlobalSection(ExtensibilityGlobals) = postSolution
		SolutionGuid = {8D6793B5-5ECF-4B43-8183-BAE7389246F9}
	EndGlobalSection
EndGlobal
